Microsoft Visual Studio Solution File, Format Version 12.00
# Visual Studio Version 17
VisualStudioVersion = 17.5.2.0
MinimumVisualStudioVersion = 10.0.40219.1
Project("{FAE04EC0-301F-11D3-BF4B-00C04F79EFBC}") = "reading", "reading.csproj", "{4225A985-3BCA-B48A-BAC0-8848D866ACAF}"
EndProject
Project("{FAE04EC0-301F-11D3-BF4B-00C04F79EFBC}") = "trying", "..\trying\trying.csproj", "{15D841E3-3C16-40E9-A2F5-92617F885AA5}"
EndProject
Global
	GlobalSection(SolutionConfigurationPlatforms) = preSolution
		Debug|Any CPU = Debug|Any CPU
		Release|Any CPU = Release|Any CPU
	EndGlobalSection
	GlobalSection(ProjectConfigurationPlatforms) = postSolution
		{4225A985-3BCA-B48A-BAC0-8848D866ACAF}.Debug|Any CPU.ActiveCfg = Debug|Any CPU
		{4225A985-3BCA-B48A-BAC0-8848D866ACAF}.Debug|Any CPU.Build.0 = Debug|Any CPU
		{4225A985-3BCA-B48A-BAC0-8848D866ACAF}.Release|Any CPU.ActiveCfg = Release|Any CPU
		{4225A985-3BCA-B48A-BAC0-8848D866ACAF}.Release|Any CPU.Build.0 = Release|Any CPU
		{15D841E3-3C16-40E9-A2F5-92617F885AA5}.Debug|Any CPU.ActiveCfg = Debug|Any CPU
		{15D841E3-3C16-40E9-A2F5-92617F885AA5}.Debug|Any CPU.Build.0 = Debug|Any CPU
		{15D841E3-3C16-40E9-A2F5-92617F885AA5}.Release|Any CPU.ActiveCfg = Release|Any CPU
		{15D841E3-3C16-40E9-A2F5-92617F885AA5}.Release|Any CPU.Build.0 = Release|Any CPU
	EndGlobalSection
	GlobalSection(SolutionProperties) = preSolution
		HideSolutionNode = FALSE
	EndGlobalSection
	GlobalSection(ExtensibilityGlobals) = postSolution
		SolutionGuid = {F2CA57EB-EF82-43D5-9C0B-579B75233790}
	EndGlobalSection
EndGlobal
